// !$*UTF8*$!
{
	archiveVersion = 1;
	classes = {
	};
	objectVersion = 56;
	objects = {

/* Begin PBXBuildFile section */
		AB68D9C12BB34BA700EF8816 /* SetGameApp.swift in Sources */ = {isa = PBXBuildFile; fileRef = AB68D9C02BB34BA700EF8816 /* SetGameApp.swift */; };
		AB68D9C32BB34BA700EF8816 /* SetGameMainView.swift in Sources */ = {isa = PBXBuildFile; fileRef = AB68D9C22BB34BA700EF8816 /* SetGameMainView.swift */; };
		AB68D9C52BB34BA800EF8816 /* Assets.xcassets in Resources */ = {isa = PBXBuildFile; fileRef = AB68D9C42BB34BA800EF8816 /* Assets.xcassets */; };
		AB68D9C82BB34BA800EF8816 /* Preview Assets.xcassets in Resources */ = {isa = PBXBuildFile; fileRef = AB68D9C72BB34BA800EF8816 /* Preview Assets.xcassets */; };
		AB68D9CF2BB34BDF00EF8816 /* SetGame.swift in Sources */ = {isa = PBXBuildFile; fileRef = AB68D9CE2BB34BDF00EF8816 /* SetGame.swift */; };
		AB88A9C02BB3519F00A57501 /* SetGameViewModel.swift in Sources */ = {isa = PBXBuildFile; fileRef = AB88A9BF2BB3519F00A57501 /* SetGameViewModel.swift */; };
		AB88A9C22BB4692400A57501 /* CardContent.swift in Sources */ = {isa = PBXBuildFile; fileRef = AB88A9C12BB4692400A57501 /* CardContent.swift */; };
		AB88A9C62BB4B0A100A57501 /* CardView.swift in Sources */ = {isa = PBXBuildFile; fileRef = AB88A9C52BB4B0A100A57501 /* CardView.swift */; };
		AB88A9C82BB4B27500A57501 /* AspectVGrid.swift in Sources */ = {isa = PBXBuildFile; fileRef = AB88A9C72BB4B27500A57501 /* AspectVGrid.swift */; };
		AB88A9CA2BB872AD00A57501 /* Diamond.swift in Sources */ = {isa = PBXBuildFile; fileRef = AB88A9C92BB872AD00A57501 /* Diamond.swift */; };
		AB88A9CE2BB878D300A57501 /* Oval.swift in Sources */ = {isa = PBXBuildFile; fileRef = AB88A9CD2BB878D300A57501 /* Oval.swift */; };
		AB88A9D02BB9C6B000A57501 /* Squiggle.swift in Sources */ = {isa = PBXBuildFile; fileRef = AB88A9CF2BB9C6B000A57501 /* Squiggle.swift */; };
		AB88A9D22BBC623A00A57501 /* StripedShape.swift in Sources */ = {isa = PBXBuildFile; fileRef = AB88A9D12BBC623A00A57501 /* StripedShape.swift */; };
/* End PBXBuildFile section */

/* Begin PBXFileReference section */
		AB68D9BD2BB34BA700EF8816 /* SetGame.app */ = {isa = PBXFileReference; explicitFileType = wrapper.application; includeInIndex = 0; path = SetGame.app; sourceTree = BUILT_PRODUCTS_DIR; };
		AB68D9C02BB34BA700EF8816 /* SetGameApp.swift */ = {isa = PBXFileReference; lastKnownFileType = sourcecode.swift; path = SetGameApp.swift; sourceTree = "<group>"; };
		AB68D9C22BB34BA700EF8816 /* SetGameMainView.swift */ = {isa = PBXFileReference; lastKnownFileType = sourcecode.swift; path = SetGameMainView.swift; sourceTree = "<group>"; };
		AB68D9C42BB34BA800EF8816 /* Assets.xcassets */ = {isa = PBXFileReference; lastKnownFileType = folder.assetcatalog; path = Assets.xcassets; sourceTree = "<group>"; };
		AB68D9C72BB34BA800EF8816 /* Preview Assets.xcassets */ = {isa = PBXFileReference; lastKnownFileType = folder.assetcatalog; path = "Preview Assets.xcassets"; sourceTree = "<group>"; };
		AB68D9CE2BB34BDF00EF8816 /* SetGame.swift */ = {isa = PBXFileReference; lastKnownFileType = sourcecode.swift; path = SetGame.swift; sourceTree = "<group>"; };
		AB88A9BF2BB3519F00A57501 /* SetGameViewModel.swift */ = {isa = PBXFileReference; lastKnownFileType = sourcecode.swift; path = SetGameViewModel.swift; sourceTree = "<group>"; };
		AB88A9C12BB4692400A57501 /* CardContent.swift */ = {isa = PBXFileReference; lastKnownFileType = sourcecode.swift; path = CardContent.swift; sourceTree = "<group>"; };
		AB88A9C52BB4B0A100A57501 /* CardView.swift */ = {isa = PBXFileReference; lastKnownFileType = sourcecode.swift; path = CardView.swift; sourceTree = "<group>"; };
		AB88A9C72BB4B27500A57501 /* AspectVGrid.swift */ = {isa = PBXFileReference; lastKnownFileType = sourcecode.swift; path = AspectVGrid.swift; sourceTree = "<group>"; };
		AB88A9C92BB872AD00A57501 /* Diamond.swift */ = {isa = PBXFileReference; lastKnownFileType = sourcecode.swift; path = Diamond.swift; sourceTree = "<group>"; };
		AB88A9CD2BB878D300A57501 /* Oval.swift */ = {isa = PBXFileReference; lastKnownFileType = sourcecode.swift; path = Oval.swift; sourceTree = "<group>"; };
		AB88A9CF2BB9C6B000A57501 /* Squiggle.swift */ = {isa = PBXFileReference; lastKnownFileType = sourcecode.swift; path = Squiggle.swift; sourceTree = "<group>"; };
		AB88A9D12BBC623A00A57501 /* StripedShape.swift */ = {isa = PBXFileReference; lastKnownFileType = sourcecode.swift; path = StripedShape.swift; sourceTree = "<group>"; };
/* End PBXFileReference section */

/* Begin PBXFrameworksBuildPhase section */
		AB68D9BA2BB34BA700EF8816 /* Frameworks */ = {
			isa = PBXFrameworksBuildPhase;
			buildActionMask = 2147483647;
			files = (
			);
			runOnlyForDeploymentPostprocessing = 0;
		};
/* End PBXFrameworksBuildPhase section */

/* Begin PBXGroup section */
		AB68D9B42BB34BA700EF8816 = {
			isa = PBXGroup;
			children = (
				AB68D9BF2BB34BA700EF8816 /* SetGame */,
				AB68D9BE2BB34BA700EF8816 /* Products */,
			);
			sourceTree = "<group>";
		};
		AB68D9BE2BB34BA700EF8816 /* Products */ = {
			isa = PBXGroup;
			children = (
				AB68D9BD2BB34BA700EF8816 /* SetGame.app */,
			);
			name = Products;
			sourceTree = "<group>";
		};
		AB68D9BF2BB34BA700EF8816 /* SetGame */ = {
			isa = PBXGroup;
			children = (
				AB68D9C02BB34BA700EF8816 /* SetGameApp.swift */,
				AB68D9C22BB34BA700EF8816 /* SetGameMainView.swift */,
				AB88A9D12BBC623A00A57501 /* StripedShape.swift */,
				AB88A9C72BB4B27500A57501 /* AspectVGrid.swift */,
				AB68D9CE2BB34BDF00EF8816 /* SetGame.swift */,
				AB88A9BF2BB3519F00A57501 /* SetGameViewModel.swift */,
				AB88A9C52BB4B0A100A57501 /* CardView.swift */,
				AB88A9CF2BB9C6B000A57501 /* Squiggle.swift */,
				AB88A9CD2BB878D300A57501 /* Oval.swift */,
				AB88A9C92BB872AD00A57501 /* Diamond.swift */,
				AB88A9C12BB4692400A57501 /* CardContent.swift */,
				AB68D9C42BB34BA800EF8816 /* Assets.xcassets */,
				AB68D9C62BB34BA800EF8816 /* Preview Content */,
			);
			path = SetGame;
			sourceTree = "<group>";
		};
		AB68D9C62BB34BA800EF8816 /* Preview Content */ = {
			isa = PBXGroup;
			children = (
				AB68D9C72BB34BA800EF8816 /* Preview Assets.xcassets */,
			);
			path = "Preview Content";
			sourceTree = "<group>";
		};
/* End PBXGroup section */

/* Begin PBXNativeTarget section */
		AB68D9BC2BB34BA700EF8816 /* SetGame */ = {
			isa = PBXNativeTarget;
			buildConfigurationList = AB68D9CB2BB34BA800EF8816 /* Build configuration list for PBXNativeTarget "SetGame" */;
			buildPhases = (
				AB68D9B92BB34BA700EF8816 /* Sources */,
				AB68D9BA2BB34BA700EF8816 /* Frameworks */,
				AB68D9BB2BB34BA700EF8816 /* Resources */,
			);
			buildRules = (
			);
			dependencies = (
			);
			name = SetGame;
			productName = SetGame;
			productReference = AB68D9BD2BB34BA700EF8816 /* SetGame.app */;
			productType = "com.apple.product-type.application";
		};
/* End PBXNativeTarget section */

/* Begin PBXProject section */
		AB68D9B52BB34BA700EF8816 /* Project object */ = {
			isa = PBXProject;
			attributes = {
				BuildIndependentTargetsInParallel = 1;
				LastSwiftUpdateCheck = 1530;
				LastUpgradeCheck = 1530;
				TargetAttributes = {
					AB68D9BC2BB34BA700EF8816 = {
						CreatedOnToolsVersion = 15.3;
					};
				};
			};
			buildConfigurationList = AB68D9B82BB34BA700EF8816 /* Build configuration list for PBXProject "SetGame" */;
			compatibilityVersion = "Xcode 14.0";
			developmentRegion = en;
			hasScannedForEncodings = 0;
			knownRegions = (
				en,
				Base,
			);
			mainGroup = AB68D9B42BB34BA700EF8816;
			productRefGroup = AB68D9BE2BB34BA700EF8816 /* Products */;
			projectDirPath = "";
			projectRoot = "";
			targets = (
				AB68D9BC2BB34BA700EF8816 /* SetGame */,
			);
		};
/* End PBXProject section */

/* Begin PBXResourcesBuildPhase section */
		AB68D9BB2BB34BA700EF8816 /* Resources */ = {
			isa = PBXResourcesBuildPhase;
			buildActionMask = 2147483647;
			files = (
				AB68D9C82BB34BA800EF8816 /* Preview Assets.xcassets in Resources */,
				AB68D9C52BB34BA800EF8816 /* Assets.xcassets in Resources */,
			);
			runOnlyForDeploymentPostprocessing = 0;
		};
/* End PBXResourcesBuildPhase section */

/* Begin PBXSourcesBuildPhase section */
		AB68D9B92BB34BA700EF8816 /* Sources */ = {
			isa = PBXSourcesBuildPhase;
			buildActionMask = 2147483647;
			files = (
				AB88A9D02BB9C6B000A57501 /* Squiggle.swift in Sources */,
				AB68D9C32BB34BA700EF8816 /* SetGameMainView.swift in Sources */,
				AB88A9C22BB4692400A57501 /* CardContent.swift in Sources */,
				AB88A9C82BB4B27500A57501 /* AspectVGrid.swift in Sources */,
				AB88A9CE2BB878D300A57501 /* Oval.swift in Sources */,
				AB88A9CA2BB872AD00A57501 /* Diamond.swift in Sources */,
				AB68D9CF2BB34BDF00EF8816 /* SetGame.swift in Sources */,
				AB88A9D22BBC623A00A57501 /* StripedShape.swift in Sources */,
				AB68D9C12BB34BA700EF8816 /* SetGameApp.swift in Sources */,
				AB88A9C62BB4B0A100A57501 /* CardView.swift in Sources */,
				AB88A9C02BB3519F00A57501 /* SetGameViewModel.swift in Sources */,
			);
			runOnlyForDeploymentPostprocessing = 0;
		};
/* End PBXSourcesBuildPhase section */

/* Begin XCBuildConfiguration section */
		AB68D9C92BB34BA800EF8816 /* Debug */ = {
			isa = XCBuildConfiguration;
			buildSettings = {
				ALWAYS_SEARCH_USER_PATHS = NO;
				ASSETCATALOG_COMPILER_GENERATE_SWIFT_ASSET_SYMBOL_EXTENSIONS = YES;
				CLANG_ANALYZER_NONNULL = YES;
				CLANG_ANALYZER_NUMBER_OBJECT_CONVERSION = YES_AGGRESSIVE;
				CLANG_CXX_LANGUAGE_STANDARD = "gnu++20";
				CLANG_ENABLE_MODULES = YES;
				CLANG_ENABLE_OBJC_ARC = YES;
				CLANG_ENABLE_OBJC_WEAK = YES;
				CLANG_WARN_BLOCK_CAPTURE_AUTORELEASING = YES;
				CLANG_WARN_BOOL_CONVERSION = YES;
				CLANG_WARN_COMMA = YES;
				CLANG_WARN_CONSTANT_CONVERSION = YES;
				CLANG_WARN_DEPRECATED_OBJC_IMPLEMENTATIONS = YES;
				CLANG_WARN_DIRECT_OBJC_ISA_USAGE = YES_ERROR;
				CLANG_WARN_DOCUMENTATION_COMMENTS = YES;
				CLANG_WARN_EMPTY_BODY = YES;
				CLANG_WARN_ENUM_CONVERSION = YES;
				CLANG_WARN_INFINITE_RECURSION = YES;
				CLANG_WARN_INT_CONVERSION = YES;
				CLANG_WARN_NON_LITERAL_NULL_CONVERSION = YES;
				CLANG_WARN_OBJC_IMPLICIT_RETAIN_SELF = YES;
				CLANG_WARN_OBJC_LITERAL_CONVERSION = YES;
				CLANG_WARN_OBJC_ROOT_CLASS = YES_ERROR;
				CLANG_WARN_QUOTED_INCLUDE_IN_FRAMEWORK_HEADER = YES;
				CLANG_WARN_RANGE_LOOP_ANALYSIS = YES;
				CLANG_WARN_STRICT_PROTOTYPES = YES;
				CLANG_WARN_SUSPICIOUS_MOVE = YES;
				CLANG_WARN_UNGUARDED_AVAILABILITY = YES_AGGRESSIVE;
				CLANG_WARN_UNREACHABLE_CODE = YES;
				CLANG_WARN__DUPLICATE_METHOD_MATCH = YES;
				COPY_PHASE_STRIP = NO;
				DEBUG_INFORMATION_FORMAT = dwarf;
				ENABLE_STRICT_OBJC_MSGSEND = YES;
				ENABLE_TESTABILITY = YES;
				ENABLE_USER_SCRIPT_SANDBOXING = YES;
				GCC_C_LANGUAGE_STANDARD = gnu17;
				GCC_DYNAMIC_NO_PIC = NO;
				GCC_NO_COMMON_BLOCKS = YES;
				GCC_OPTIMIZATION_LEVEL = 0;
				GCC_PREPROCESSOR_DEFINITIONS = (
					"DEBUG=1",
					"$(inherited)",
				);
				GCC_WARN_64_TO_32_BIT_CONVERSION = YES;
				GCC_WARN_ABOUT_RETURN_TYPE = YES_ERROR;
				GCC_WARN_UNDECLARED_SELECTOR = YES;
				GCC_WARN_UNINITIALIZED_AUTOS = YES_AGGRESSIVE;
				GCC_WARN_UNUSED_FUNCTION = YES;
				GCC_WARN_UNUSED_VARIABLE = YES;
				IPHONEOS_DEPLOYMENT_TARGET = 17.4;
				LOCALIZATION_PREFERS_STRING_CATALOGS = YES;
				MTL_ENABLE_DEBUG_INFO = INCLUDE_SOURCE;
				MTL_FAST_MATH = YES;
				ONLY_ACTIVE_ARCH = YES;
				SDKROOT = iphoneos;
				SWIFT_ACTIVE_COMPILATION_CONDITIONS = "DEBUG $(inherited)";
				SWIFT_OPTIMIZATION_LEVEL = "-Onone";
			};
			name = Debug;
		};
		AB68D9CA2BB34BA800EF8816 /* Release */ = {
			isa = XCBuildConfiguration;
			buildSettings = {
				ALWAYS_SEARCH_USER_PATHS = NO;
				ASSETCATALOG_COMPILER_GENERATE_SWIFT_ASSET_SYMBOL_EXTENSIONS = YES;
				CLANG_ANALYZER_NONNULL = YES;
				CLANG_ANALYZER_NUMBER_OBJECT_CONVERSION = YES_AGGRESSIVE;
				CLANG_CXX_LANGUAGE_STANDARD = "gnu++20";
				CLANG_ENABLE_MODULES = YES;
				CLANG_ENABLE_OBJC_ARC = YES;
				CLANG_ENABLE_OBJC_WEAK = YES;
				CLANG_WARN_BLOCK_CAPTURE_AUTORELEASING = YES;
				CLANG_WARN_BOOL_CONVERSION = YES;
				CLANG_WARN_COMMA = YES;
				CLANG_WARN_CONSTANT_CONVERSION = YES;
				CLANG_WARN_DEPRECATED_OBJC_IMPLEMENTATIONS = YES;
				CLANG_WARN_DIRECT_OBJC_ISA_USAGE = YES_ERROR;
				CLANG_WARN_DOCUMENTATION_COMMENTS = YES;
				CLANG_WARN_EMPTY_BODY = YES;
				CLANG_WARN_ENUM_CONVERSION = YES;
				CLANG_WARN_INFINITE_RECURSION = YES;
				CLANG_WARN_INT_CONVERSION = YES;
				CLANG_WARN_NON_LITERAL_NULL_CONVERSION = YES;
				CLANG_WARN_OBJC_IMPLICIT_RETAIN_SELF = YES;
				CLANG_WARN_OBJC_LITERAL_CONVERSION = YES;
				CLANG_WARN_OBJC_ROOT_CLASS = YES_ERROR;
				CLANG_WARN_QUOTED_INCLUDE_IN_FRAMEWORK_HEADER = YES;
				CLANG_WARN_RANGE_LOOP_ANALYSIS = YES;
				CLANG_WARN_STRICT_PROTOTYPES = YES;
				CLANG_WARN_SUSPICIOUS_MOVE = YES;
				CLANG_WARN_UNGUARDED_AVAILABILITY = YES_AGGRESSIVE;
				CLANG_WARN_UNREACHABLE_CODE = YES;
				CLANG_WARN__DUPLICATE_METHOD_MATCH = YES;
				COPY_PHASE_STRIP = NO;
				DEBUG_INFORMATION_FORMAT = "dwarf-with-dsym";
				ENABLE_NS_ASSERTIONS = NO;
				ENABLE_STRICT_OBJC_MSGSEND = YES;
				ENABLE_USER_SCRIPT_SANDBOXING = YES;
				GCC_C_LANGUAGE_STANDARD = gnu17;
				GCC_NO_COMMON_BLOCKS = YES;
				GCC_WARN_64_TO_32_BIT_CONVERSION = YES;
				GCC_WARN_ABOUT_RETURN_TYPE = YES_ERROR;
				GCC_WARN_UNDECLARED_SELECTOR = YES;
				GCC_WARN_UNINITIALIZED_AUTOS = YES_AGGRESSIVE;
				GCC_WARN_UNUSED_FUNCTION = YES;
				GCC_WARN_UNUSED_VARIABLE = YES;
				IPHONEOS_DEPLOYMENT_TARGET = 17.4;
				LOCALIZATION_PREFERS_STRING_CATALOGS = YES;
				MTL_ENABLE_DEBUG_INFO = NO;
				MTL_FAST_MATH = YES;
				SDKROOT = iphoneos;
				SWIFT_COMPILATION_MODE = wholemodule;
				VALIDATE_PRODUCT = YES;
			};
			name = Release;
		};
		AB68D9CC2BB34BA800EF8816 /* Debug */ = {
			isa = XCBuildConfiguration;
			buildSettings = {
				ASSETCATALOG_COMPILER_APPICON_NAME = AppIcon;
				ASSETCATALOG_COMPILER_GLOBAL_ACCENT_COLOR_NAME = AccentColor;
				CODE_SIGN_STYLE = Automatic;
				CURRENT_PROJECT_VERSION = 1;
				DEVELOPMENT_ASSET_PATHS = "\"SetGame/Preview Content\"";
				DEVELOPMENT_TEAM = P9RCURYM3A;
				ENABLE_PREVIEWS = YES;
				GENERATE_INFOPLIST_FILE = YES;
				INFOPLIST_KEY_UIApplicationSceneManifest_Generation = YES;
				INFOPLIST_KEY_UIApplicationSupportsIndirectInputEvents = YES;
				INFOPLIST_KEY_UILaunchScreen_Generation = YES;
				INFOPLIST_KEY_UISupportedInterfaceOrientations_iPad = "UIInterfaceOrientationPortrait UIInterfaceOrientationPortraitUpsideDown UIInterfaceOrientationLandscapeLeft UIInterfaceOrientationLandscapeRight";
				INFOPLIST_KEY_UISupportedInterfaceOrientations_iPhone = "UIInterfaceOrientationPortrait UIInterfaceOrientationLandscapeLeft UIInterfaceOrientationLandscapeRight";
				LD_RUNPATH_SEARCH_PATHS = (
					"$(inherited)",
					"@executable_path/Frameworks",
				);
				MARKETING_VERSION = 1.0;
				PRODUCT_BUNDLE_IDENTIFIER = com.kellie.SetGame;
				PRODUCT_NAME = "$(TARGET_NAME)";
				SUPPORTED_PLATFORMS = "iphoneos iphonesimulator";
				SUPPORTS_MACCATALYST = NO;
				SUPPORTS_XR_DESIGNED_FOR_IPHONE_IPAD = NO;
				SWIFT_EMIT_LOC_STRINGS = YES;
				SWIFT_VERSION = 5.0;
				TARGETED_DEVICE_FAMILY = "1,2";
			};
			name = Debug;
		};
		AB68D9CD2BB34BA800EF8816 /* Release */ = {
			isa = XCBuildConfiguration;
			buildSettings = {
				ASSETCATALOG_COMPILER_APPICON_NAME = AppIcon;
				ASSETCATALOG_COMPILER_GLOBAL_ACCENT_COLOR_NAME = AccentColor;
				CODE_SIGN_STYLE = Automatic;
				CURRENT_PROJECT_VERSION = 1;
				DEVELOPMENT_ASSET_PATHS = "\"SetGame/Preview Content\"";
				DEVELOPMENT_TEAM = P9RCURYM3A;
				ENABLE_PREVIEWS = YES;
				GENERATE_INFOPLIST_FILE = YES;
				INFOPLIST_KEY_UIApplicationSceneManifest_Generation = YES;
				INFOPLIST_KEY_UIApplicationSupportsIndirectInputEvents = YES;
				INFOPLIST_KEY_UILaunchScreen_Generation = YES;
				INFOPLIST_KEY_UISupportedInterfaceOrientations_iPad = "UIInterfaceOrientationPortrait UIInterfaceOrientationPortraitUpsideDown UIInterfaceOrientationLandscapeLeft UIInterfaceOrientationLandscapeRight";
				INFOPLIST_KEY_UISupportedInterfaceOrientations_iPhone = "UIInterfaceOrientationPortrait UIInterfaceOrientationLandscapeLeft UIInterfaceOrientationLandscapeRight";
				LD_RUNPATH_SEARCH_PATHS = (
					"$(inherited)",
					"@executable_path/Frameworks",
				);
				MARKETING_VERSION = 1.0;
				PRODUCT_BUNDLE_IDENTIFIER = com.kellie.SetGame;
				PRODUCT_NAME = "$(TARGET_NAME)";
				SUPPORTED_PLATFORMS = "iphoneos iphonesimulator";
				SUPPORTS_MACCATALYST = NO;
				SUPPORTS_XR_DESIGNED_FOR_IPHONE_IPAD = NO;
				SWIFT_EMIT_LOC_STRINGS = YES;
				SWIFT_VERSION = 5.0;
				TARGETED_DEVICE_FAMILY = "1,2";
			};
			name = Release;
		};
/* End XCBuildConfiguration section */

/* Begin XCConfigurationList section */
		AB68D9B82BB34BA700EF8816 /* Build configuration list for PBXProject "SetGame" */ = {
			isa = XCConfigurationList;
			buildConfigurations = (
				AB68D9C92BB34BA800EF8816 /* Debug */,
				AB68D9CA2BB34BA800EF8816 /* Release */,
			);
			defaultConfigurationIsVisible = 0;
			defaultConfigurationName = Release;
		};
		AB68D9CB2BB34BA800EF8816 /* Build configuration list for PBXNativeTarget "SetGame" */ = {
			isa = XCConfigurationList;
			buildConfigurations = (
				AB68D9CC2BB34BA800EF8816 /* Debug */,
				AB68D9CD2BB34BA800EF8816 /* Release */,
			);
			defaultConfigurationIsVisible = 0;
			defaultConfigurationName = Release;
		};
/* End XCConfigurationList section */
	};
	rootObject = AB68D9B52BB34BA700EF8816 /* Project object */;
}
